// !$*UTF8*$!
{
	archiveVersion = 1;
	classes = {
	};
	objectVersion = 56;
	objects = {

/* Begin PBXBuildFile section */
		5983CC1B2ACC09B70023148F /* AppDelegate.swift in Sources */ = {isa = PBXBuildFile; fileRef = 5983CC1A2ACC09B70023148F /* AppDelegate.swift */; };
		5983CC1D2ACC09B70023148F /* SceneDelegate.swift in Sources */ = {isa = PBXBuildFile; fileRef = 5983CC1C2ACC09B70023148F /* SceneDelegate.swift */; };
		5983CC1F2ACC09B70023148F /* ViewController.swift in Sources */ = {isa = PBXBuildFile; fileRef = 5983CC1E2ACC09B70023148F /* ViewController.swift */; };
		5983CC222ACC09B70023148F /* Main.storyboard in Resources */ = {isa = PBXBuildFile; fileRef = 5983CC202ACC09B70023148F /* Main.storyboard */; };
		5983CC242ACC09B80023148F /* Assets.xcassets in Resources */ = {isa = PBXBuildFile; fileRef = 5983CC232ACC09B80023148F /* Assets.xcassets */; };
		5983CC272ACC09B80023148F /* LaunchScreen.storyboard in Resources */ = {isa = PBXBuildFile; fileRef = 5983CC252ACC09B80023148F /* LaunchScreen.storyboard */; };
		5983CC322ACC09B90023148F /* sweetWatchTests.swift in Sources */ = {isa = PBXBuildFile; fileRef = 5983CC312ACC09B90023148F /* sweetWatchTests.swift */; };
		5983CC3C2ACC09B90023148F /* sweetWatchUITests.swift in Sources */ = {isa = PBXBuildFile; fileRef = 5983CC3B2ACC09B90023148F /* sweetWatchUITests.swift */; };
		5983CC3E2ACC09B90023148F /* sweetWatchUITestsLaunchTests.swift in Sources */ = {isa = PBXBuildFile; fileRef = 5983CC3D2ACC09B90023148F /* sweetWatchUITestsLaunchTests.swift */; };
		E493FC892ACC217900A63965 /* LoginViewController.swift in Sources */ = {isa = PBXBuildFile; fileRef = E493FC882ACC217900A63965 /* LoginViewController.swift */; };
		E493FC8C2ACC4C8C00A63965 /* User.swift in Sources */ = {isa = PBXBuildFile; fileRef = E493FC8B2ACC4C8C00A63965 /* User.swift */; };
		E493FC8E2ACC4C9A00A63965 /* Movie.swift in Sources */ = {isa = PBXBuildFile; fileRef = E493FC8D2ACC4C9A00A63965 /* Movie.swift */; };
		E493FC902ACC4CAE00A63965 /* Serie.swift in Sources */ = {isa = PBXBuildFile; fileRef = E493FC8F2ACC4CAE00A63965 /* Serie.swift */; };
		E493FC922ACC4CB900A63965 /* Actor.swift in Sources */ = {isa = PBXBuildFile; fileRef = E493FC912ACC4CB900A63965 /* Actor.swift */; };
		E493FC942ACC4CE800A63965 /* HomeViewController.swift in Sources */ = {isa = PBXBuildFile; fileRef = E493FC932ACC4CE800A63965 /* HomeViewController.swift */; };
		E493FC972ACC4DBD00A63965 /* SearchViewController.swift in Sources */ = {isa = PBXBuildFile; fileRef = E493FC962ACC4DBD00A63965 /* SearchViewController.swift */; };
		E493FC992ACC4E1E00A63965 /* FavoritesViewController.swift in Sources */ = {isa = PBXBuildFile; fileRef = E493FC982ACC4E1E00A63965 /* FavoritesViewController.swift */; };
		E493FC9C2ACD4CCD00A63965 /* Model.xcdatamodeld in Sources */ = {isa = PBXBuildFile; fileRef = E493FC9A2ACD4CCD00A63965 /* Model.xcdatamodeld */; };
		E493FCA02ACD70D500A63965 /* CoreDataManager.swift in Sources */ = {isa = PBXBuildFile; fileRef = E493FC9F2ACD70D500A63965 /* CoreDataManager.swift */; };
		E493FCCA2ACD7C1700A63965 /* Movies+CoreDataClass.swift in Sources */ = {isa = PBXBuildFile; fileRef = E493FCC22ACD7C1700A63965 /* Movies+CoreDataClass.swift */; };
		E493FCCB2ACD7C1700A63965 /* Movies+CoreDataProperties.swift in Sources */ = {isa = PBXBuildFile; fileRef = E493FCC32ACD7C1700A63965 /* Movies+CoreDataProperties.swift */; };
		E493FCCC2ACD7C1700A63965 /* Users+CoreDataClass.swift in Sources */ = {isa = PBXBuildFile; fileRef = E493FCC42ACD7C1700A63965 /* Users+CoreDataClass.swift */; };
		E493FCCD2ACD7C1700A63965 /* Users+CoreDataProperties.swift in Sources */ = {isa = PBXBuildFile; fileRef = E493FCC52ACD7C1700A63965 /* Users+CoreDataProperties.swift */; };
		E493FCCE2ACD7C1700A63965 /* Series+CoreDataClass.swift in Sources */ = {isa = PBXBuildFile; fileRef = E493FCC62ACD7C1700A63965 /* Series+CoreDataClass.swift */; };
		E493FCCF2ACD7C1700A63965 /* Series+CoreDataProperties.swift in Sources */ = {isa = PBXBuildFile; fileRef = E493FCC72ACD7C1700A63965 /* Series+CoreDataProperties.swift */; };
		E493FCD02ACD7C1700A63965 /* Actors+CoreDataClass.swift in Sources */ = {isa = PBXBuildFile; fileRef = E493FCC82ACD7C1700A63965 /* Actors+CoreDataClass.swift */; };
		E493FCD12ACD7C1700A63965 /* Actors+CoreDataProperties.swift in Sources */ = {isa = PBXBuildFile; fileRef = E493FCC92ACD7C1700A63965 /* Actors+CoreDataProperties.swift */; };
		E493FCDF2ACD9FB300A63965 /* CustomCollectionViewCell.swift in Sources */ = {isa = PBXBuildFile; fileRef = E493FCDD2ACD9FB300A63965 /* CustomCollectionViewCell.swift */; };
		E493FCE02ACD9FB300A63965 /* CustomCollectionViewCell.xib in Resources */ = {isa = PBXBuildFile; fileRef = E493FCDE2ACD9FB300A63965 /* CustomCollectionViewCell.xib */; };
/* End PBXBuildFile section */

/* Begin PBXContainerItemProxy section */
		5983CC2E2ACC09B90023148F /* PBXContainerItemProxy */ = {
			isa = PBXContainerItemProxy;
			containerPortal = 5983CC0F2ACC09B70023148F /* Project object */;
			proxyType = 1;
			remoteGlobalIDString = 5983CC162ACC09B70023148F;
			remoteInfo = sweetWatch;
		};
		5983CC382ACC09B90023148F /* PBXContainerItemProxy */ = {
			isa = PBXContainerItemProxy;
			containerPortal = 5983CC0F2ACC09B70023148F /* Project object */;
			proxyType = 1;
			remoteGlobalIDString = 5983CC162ACC09B70023148F;
			remoteInfo = sweetWatch;
		};
/* End PBXContainerItemProxy section */

/* Begin PBXFileReference section */
		5983CC172ACC09B70023148F /* sweetWatch.app */ = {isa = PBXFileReference; explicitFileType = wrapper.application; includeInIndex = 0; path = sweetWatch.app; sourceTree = BUILT_PRODUCTS_DIR; };
		5983CC1A2ACC09B70023148F /* AppDelegate.swift */ = {isa = PBXFileReference; lastKnownFileType = sourcecode.swift; path = AppDelegate.swift; sourceTree = "<group>"; };
		5983CC1C2ACC09B70023148F /* SceneDelegate.swift */ = {isa = PBXFileReference; lastKnownFileType = sourcecode.swift; path = SceneDelegate.swift; sourceTree = "<group>"; };
		5983CC1E2ACC09B70023148F /* ViewController.swift */ = {isa = PBXFileReference; lastKnownFileType = sourcecode.swift; path = ViewController.swift; sourceTree = "<group>"; };
		5983CC212ACC09B70023148F /* Base */ = {isa = PBXFileReference; lastKnownFileType = file.storyboard; name = Base; path = Base.lproj/Main.storyboard; sourceTree = "<group>"; };
		5983CC232ACC09B80023148F /* Assets.xcassets */ = {isa = PBXFileReference; lastKnownFileType = folder.assetcatalog; path = Assets.xcassets; sourceTree = "<group>"; };
		5983CC262ACC09B80023148F /* Base */ = {isa = PBXFileReference; lastKnownFileType = file.storyboard; name = Base; path = Base.lproj/LaunchScreen.storyboard; sourceTree = "<group>"; };
		5983CC282ACC09B80023148F /* Info.plist */ = {isa = PBXFileReference; lastKnownFileType = text.plist.xml; path = Info.plist; sourceTree = "<group>"; };
		5983CC2D2ACC09B90023148F /* sweetWatchTests.xctest */ = {isa = PBXFileReference; explicitFileType = wrapper.cfbundle; includeInIndex = 0; path = sweetWatchTests.xctest; sourceTree = BUILT_PRODUCTS_DIR; };
		5983CC312ACC09B90023148F /* sweetWatchTests.swift */ = {isa = PBXFileReference; lastKnownFileType = sourcecode.swift; path = sweetWatchTests.swift; sourceTree = "<group>"; };
		5983CC372ACC09B90023148F /* sweetWatchUITests.xctest */ = {isa = PBXFileReference; explicitFileType = wrapper.cfbundle; includeInIndex = 0; path = sweetWatchUITests.xctest; sourceTree = BUILT_PRODUCTS_DIR; };
		5983CC3B2ACC09B90023148F /* sweetWatchUITests.swift */ = {isa = PBXFileReference; lastKnownFileType = sourcecode.swift; path = sweetWatchUITests.swift; sourceTree = "<group>"; };
		5983CC3D2ACC09B90023148F /* sweetWatchUITestsLaunchTests.swift */ = {isa = PBXFileReference; lastKnownFileType = sourcecode.swift; path = sweetWatchUITestsLaunchTests.swift; sourceTree = "<group>"; };
		E493FC882ACC217900A63965 /* LoginViewController.swift */ = {isa = PBXFileReference; lastKnownFileType = sourcecode.swift; path = LoginViewController.swift; sourceTree = "<group>"; };
		E493FC8B2ACC4C8C00A63965 /* User.swift */ = {isa = PBXFileReference; lastKnownFileType = sourcecode.swift; path = User.swift; sourceTree = "<group>"; };
		E493FC8D2ACC4C9A00A63965 /* Movie.swift */ = {isa = PBXFileReference; lastKnownFileType = sourcecode.swift; path = Movie.swift; sourceTree = "<group>"; };
		E493FC8F2ACC4CAE00A63965 /* Serie.swift */ = {isa = PBXFileReference; lastKnownFileType = sourcecode.swift; path = Serie.swift; sourceTree = "<group>"; };
		E493FC912ACC4CB900A63965 /* Actor.swift */ = {isa = PBXFileReference; lastKnownFileType = sourcecode.swift; path = Actor.swift; sourceTree = "<group>"; };
		E493FC932ACC4CE800A63965 /* HomeViewController.swift */ = {isa = PBXFileReference; lastKnownFileType = sourcecode.swift; path = HomeViewController.swift; sourceTree = "<group>"; };
		E493FC962ACC4DBD00A63965 /* SearchViewController.swift */ = {isa = PBXFileReference; lastKnownFileType = sourcecode.swift; path = SearchViewController.swift; sourceTree = "<group>"; };
		E493FC982ACC4E1E00A63965 /* FavoritesViewController.swift */ = {isa = PBXFileReference; lastKnownFileType = sourcecode.swift; path = FavoritesViewController.swift; sourceTree = "<group>"; };
		E493FC9B2ACD4CCD00A63965 /* Model.xcdatamodel */ = {isa = PBXFileReference; lastKnownFileType = wrapper.xcdatamodel; path = Model.xcdatamodel; sourceTree = "<group>"; };
		E493FC9F2ACD70D500A63965 /* CoreDataManager.swift */ = {isa = PBXFileReference; lastKnownFileType = sourcecode.swift; path = CoreDataManager.swift; sourceTree = "<group>"; };
		E493FCC22ACD7C1700A63965 /* Movies+CoreDataClass.swift */ = {isa = PBXFileReference; lastKnownFileType = sourcecode.swift; path = "Movies+CoreDataClass.swift"; sourceTree = SOURCE_ROOT; };
		E493FCC32ACD7C1700A63965 /* Movies+CoreDataProperties.swift */ = {isa = PBXFileReference; lastKnownFileType = sourcecode.swift; path = "Movies+CoreDataProperties.swift"; sourceTree = SOURCE_ROOT; };
		E493FCC42ACD7C1700A63965 /* Users+CoreDataClass.swift */ = {isa = PBXFileReference; lastKnownFileType = sourcecode.swift; path = "Users+CoreDataClass.swift"; sourceTree = SOURCE_ROOT; };
		E493FCC52ACD7C1700A63965 /* Users+CoreDataProperties.swift */ = {isa = PBXFileReference; lastKnownFileType = sourcecode.swift; path = "Users+CoreDataProperties.swift"; sourceTree = SOURCE_ROOT; };
		E493FCC62ACD7C1700A63965 /* Series+CoreDataClass.swift */ = {isa = PBXFileReference; lastKnownFileType = sourcecode.swift; path = "Series+CoreDataClass.swift"; sourceTree = SOURCE_ROOT; };
		E493FCC72ACD7C1700A63965 /* Series+CoreDataProperties.swift */ = {isa = PBXFileReference; lastKnownFileType = sourcecode.swift; path = "Series+CoreDataProperties.swift"; sourceTree = SOURCE_ROOT; };
		E493FCC82ACD7C1700A63965 /* Actors+CoreDataClass.swift */ = {isa = PBXFileReference; lastKnownFileType = sourcecode.swift; path = "Actors+CoreDataClass.swift"; sourceTree = SOURCE_ROOT; };
		E493FCC92ACD7C1700A63965 /* Actors+CoreDataProperties.swift */ = {isa = PBXFileReference; lastKnownFileType = sourcecode.swift; path = "Actors+CoreDataProperties.swift"; sourceTree = SOURCE_ROOT; };
		E493FCDD2ACD9FB300A63965 /* CustomCollectionViewCell.swift */ = {isa = PBXFileReference; lastKnownFileType = sourcecode.swift; path = CustomCollectionViewCell.swift; sourceTree = "<group>"; };
		E493FCDE2ACD9FB300A63965 /* CustomCollectionViewCell.xib */ = {isa = PBXFileReference; lastKnownFileType = file.xib; path = CustomCollectionViewCell.xib; sourceTree = "<group>"; };
/* End PBXFileReference section */

/* Begin PBXFrameworksBuildPhase section */
		5983CC142ACC09B70023148F /* Frameworks */ = {
			isa = PBXFrameworksBuildPhase;
			buildActionMask = 2147483647;
			files = (
			);
			runOnlyForDeploymentPostprocessing = 0;
		};
		5983CC2A2ACC09B90023148F /* Frameworks */ = {
			isa = PBXFrameworksBuildPhase;
			buildActionMask = 2147483647;
			files = (
			);
			runOnlyForDeploymentPostprocessing = 0;
		};
		5983CC342ACC09B90023148F /* Frameworks */ = {
			isa = PBXFrameworksBuildPhase;
			buildActionMask = 2147483647;
			files = (
			);
			runOnlyForDeploymentPostprocessing = 0;
		};
/* End PBXFrameworksBuildPhase section */

/* Begin PBXGroup section */
		5983CC0E2ACC09B70023148F = {
			isa = PBXGroup;
			children = (
				5983CC192ACC09B70023148F /* sweetWatch */,
				5983CC302ACC09B90023148F /* sweetWatchTests */,
				5983CC3A2ACC09B90023148F /* sweetWatchUITests */,
				5983CC182ACC09B70023148F /* Products */,
			);
			sourceTree = "<group>";
		};
		5983CC182ACC09B70023148F /* Products */ = {
			isa = PBXGroup;
			children = (
				5983CC172ACC09B70023148F /* sweetWatch.app */,
				5983CC2D2ACC09B90023148F /* sweetWatchTests.xctest */,
				5983CC372ACC09B90023148F /* sweetWatchUITests.xctest */,
			);
			name = Products;
			sourceTree = "<group>";
		};
		5983CC192ACC09B70023148F /* sweetWatch */ = {
			isa = PBXGroup;
			children = (
				E493FCB12ACD7AAD00A63965 /* coreDataModel */,
				E493FC952ACC4D4B00A63965 /* controller */,
				E493FC8A2ACC4C7900A63965 /* model */,
				5983CC1A2ACC09B70023148F /* AppDelegate.swift */,
				5983CC1C2ACC09B70023148F /* SceneDelegate.swift */,
				5983CC202ACC09B70023148F /* Main.storyboard */,
				5983CC232ACC09B80023148F /* Assets.xcassets */,
				5983CC252ACC09B80023148F /* LaunchScreen.storyboard */,
				5983CC282ACC09B80023148F /* Info.plist */,
				E493FC9A2ACD4CCD00A63965 /* Model.xcdatamodeld */,
				E493FC9F2ACD70D500A63965 /* CoreDataManager.swift */,
				E493FCDD2ACD9FB300A63965 /* CustomCollectionViewCell.swift */,
				E493FCDE2ACD9FB300A63965 /* CustomCollectionViewCell.xib */,
			);
			path = sweetWatch;
			sourceTree = "<group>";
		};
		5983CC302ACC09B90023148F /* sweetWatchTests */ = {
			isa = PBXGroup;
			children = (
				5983CC312ACC09B90023148F /* sweetWatchTests.swift */,
			);
			path = sweetWatchTests;
			sourceTree = "<group>";
		};
		5983CC3A2ACC09B90023148F /* sweetWatchUITests */ = {
			isa = PBXGroup;
			children = (
				5983CC3B2ACC09B90023148F /* sweetWatchUITests.swift */,
				5983CC3D2ACC09B90023148F /* sweetWatchUITestsLaunchTests.swift */,
			);
			path = sweetWatchUITests;
			sourceTree = "<group>";
		};
		E493FC8A2ACC4C7900A63965 /* model */ = {
			isa = PBXGroup;
			children = (
				E493FC8B2ACC4C8C00A63965 /* User.swift */,
				E493FC8D2ACC4C9A00A63965 /* Movie.swift */,
				E493FC8F2ACC4CAE00A63965 /* Serie.swift */,
				E493FC912ACC4CB900A63965 /* Actor.swift */,
			);
			path = model;
			sourceTree = "<group>";
		};
		E493FC952ACC4D4B00A63965 /* controller */ = {
			isa = PBXGroup;
			children = (
				5983CC1E2ACC09B70023148F /* ViewController.swift */,
				E493FC882ACC217900A63965 /* LoginViewController.swift */,
				E493FC932ACC4CE800A63965 /* HomeViewController.swift */,
				E493FC962ACC4DBD00A63965 /* SearchViewController.swift */,
				E493FC982ACC4E1E00A63965 /* FavoritesViewController.swift */,
			);
			path = controller;
			sourceTree = "<group>";
		};
		E493FCB12ACD7AAD00A63965 /* coreDataModel */ = {
			isa = PBXGroup;
			children = (
				E493FCC22ACD7C1700A63965 /* Movies+CoreDataClass.swift */,
				E493FCC32ACD7C1700A63965 /* Movies+CoreDataProperties.swift */,
				E493FCC42ACD7C1700A63965 /* Users+CoreDataClass.swift */,
				E493FCC52ACD7C1700A63965 /* Users+CoreDataProperties.swift */,
				E493FCC62ACD7C1700A63965 /* Series+CoreDataClass.swift */,
				E493FCC72ACD7C1700A63965 /* Series+CoreDataProperties.swift */,
				E493FCC82ACD7C1700A63965 /* Actors+CoreDataClass.swift */,
				E493FCC92ACD7C1700A63965 /* Actors+CoreDataProperties.swift */,
			);
			path = coreDataModel;
			sourceTree = "<group>";
		};
/* End PBXGroup section */

/* Begin PBXNativeTarget section */
		5983CC162ACC09B70023148F /* sweetWatch */ = {
			isa = PBXNativeTarget;
			buildConfigurationList = 5983CC412ACC09B90023148F /* Build configuration list for PBXNativeTarget "sweetWatch" */;
			buildPhases = (
				5983CC132ACC09B70023148F /* Sources */,
				5983CC142ACC09B70023148F /* Frameworks */,
				5983CC152ACC09B70023148F /* Resources */,
			);
			buildRules = (
			);
			dependencies = (
			);
			name = sweetWatch;
			productName = sweetWatch;
			productReference = 5983CC172ACC09B70023148F /* sweetWatch.app */;
			productType = "com.apple.product-type.application";
		};
		5983CC2C2ACC09B90023148F /* sweetWatchTests */ = {
			isa = PBXNativeTarget;
			buildConfigurationList = 5983CC442ACC09B90023148F /* Build configuration list for PBXNativeTarget "sweetWatchTests" */;
			buildPhases = (
				5983CC292ACC09B90023148F /* Sources */,
				5983CC2A2ACC09B90023148F /* Frameworks */,
				5983CC2B2ACC09B90023148F /* Resources */,
			);
			buildRules = (
			);
			dependencies = (
				5983CC2F2ACC09B90023148F /* PBXTargetDependency */,
			);
			name = sweetWatchTests;
			productName = sweetWatchTests;
			productReference = 5983CC2D2ACC09B90023148F /* sweetWatchTests.xctest */;
			productType = "com.apple.product-type.bundle.unit-test";
		};
		5983CC362ACC09B90023148F /* sweetWatchUITests */ = {
			isa = PBXNativeTarget;
			buildConfigurationList = 5983CC472ACC09B90023148F /* Build configuration list for PBXNativeTarget "sweetWatchUITests" */;
			buildPhases = (
				5983CC332ACC09B90023148F /* Sources */,
				5983CC342ACC09B90023148F /* Frameworks */,
				5983CC352ACC09B90023148F /* Resources */,
			);
			buildRules = (
			);
			dependencies = (
				5983CC392ACC09B90023148F /* PBXTargetDependency */,
			);
			name = sweetWatchUITests;
			productName = sweetWatchUITests;
			productReference = 5983CC372ACC09B90023148F /* sweetWatchUITests.xctest */;
			productType = "com.apple.product-type.bundle.ui-testing";
		};
/* End PBXNativeTarget section */

/* Begin PBXProject section */
		5983CC0F2ACC09B70023148F /* Project object */ = {
			isa = PBXProject;
			attributes = {
				BuildIndependentTargetsInParallel = 1;
				LastSwiftUpdateCheck = 1500;
				LastUpgradeCheck = 1500;
				TargetAttributes = {
					5983CC162ACC09B70023148F = {
						CreatedOnToolsVersion = 15.0;
					};
					5983CC2C2ACC09B90023148F = {
						CreatedOnToolsVersion = 15.0;
						TestTargetID = 5983CC162ACC09B70023148F;
					};
					5983CC362ACC09B90023148F = {
						CreatedOnToolsVersion = 15.0;
						TestTargetID = 5983CC162ACC09B70023148F;
					};
				};
			};
			buildConfigurationList = 5983CC122ACC09B70023148F /* Build configuration list for PBXProject "sweetWatch" */;
			compatibilityVersion = "Xcode 14.0";
			developmentRegion = en;
			hasScannedForEncodings = 0;
			knownRegions = (
				en,
				Base,
			);
			mainGroup = 5983CC0E2ACC09B70023148F;
			productRefGroup = 5983CC182ACC09B70023148F /* Products */;
			projectDirPath = "";
			projectRoot = "";
			targets = (
				5983CC162ACC09B70023148F /* sweetWatch */,
				5983CC2C2ACC09B90023148F /* sweetWatchTests */,
				5983CC362ACC09B90023148F /* sweetWatchUITests */,
			);
		};
/* End PBXProject section */

/* Begin PBXResourcesBuildPhase section */
		5983CC152ACC09B70023148F /* Resources */ = {
			isa = PBXResourcesBuildPhase;
			buildActionMask = 2147483647;
			files = (
				5983CC272ACC09B80023148F /* LaunchScreen.storyboard in Resources */,
				5983CC242ACC09B80023148F /* Assets.xcassets in Resources */,
				5983CC222ACC09B70023148F /* Main.storyboard in Resources */,
				E493FCE02ACD9FB300A63965 /* CustomCollectionViewCell.xib in Resources */,
			);
			runOnlyForDeploymentPostprocessing = 0;
		};
		5983CC2B2ACC09B90023148F /* Resources */ = {
			isa = PBXResourcesBuildPhase;
			buildActionMask = 2147483647;
			files = (
			);
			runOnlyForDeploymentPostprocessing = 0;
		};
		5983CC352ACC09B90023148F /* Resources */ = {
			isa = PBXResourcesBuildPhase;
			buildActionMask = 2147483647;
			files = (
			);
			runOnlyForDeploymentPostprocessing = 0;
		};
/* End PBXResourcesBuildPhase section */

/* Begin PBXSourcesBuildPhase section */
		5983CC132ACC09B70023148F /* Sources */ = {
			isa = PBXSourcesBuildPhase;
			buildActionMask = 2147483647;
			files = (
				E493FC972ACC4DBD00A63965 /* SearchViewController.swift in Sources */,
				E493FC892ACC217900A63965 /* LoginViewController.swift in Sources */,
				5983CC1F2ACC09B70023148F /* ViewController.swift in Sources */,
				E493FC8E2ACC4C9A00A63965 /* Movie.swift in Sources */,
				5983CC1B2ACC09B70023148F /* AppDelegate.swift in Sources */,
				E493FC902ACC4CAE00A63965 /* Serie.swift in Sources */,
				E493FC992ACC4E1E00A63965 /* FavoritesViewController.swift in Sources */,
				E493FCA02ACD70D500A63965 /* CoreDataManager.swift in Sources */,
				E493FC942ACC4CE800A63965 /* HomeViewController.swift in Sources */,
				E493FCCB2ACD7C1700A63965 /* Movies+CoreDataProperties.swift in Sources */,
				E493FCCC2ACD7C1700A63965 /* Users+CoreDataClass.swift in Sources */,
				E493FC8C2ACC4C8C00A63965 /* User.swift in Sources */,
				5983CC1D2ACC09B70023148F /* SceneDelegate.swift in Sources */,
				E493FCD12ACD7C1700A63965 /* Actors+CoreDataProperties.swift in Sources */,
				E493FCCF2ACD7C1700A63965 /* Series+CoreDataProperties.swift in Sources */,
				E493FC922ACC4CB900A63965 /* Actor.swift in Sources */,
				E493FCCA2ACD7C1700A63965 /* Movies+CoreDataClass.swift in Sources */,
				E493FC9C2ACD4CCD00A63965 /* Model.xcdatamodeld in Sources */,
				E493FCD02ACD7C1700A63965 /* Actors+CoreDataClass.swift in Sources */,
				E493FCCE2ACD7C1700A63965 /* Series+CoreDataClass.swift in Sources */,
				E493FCCD2ACD7C1700A63965 /* Users+CoreDataProperties.swift in Sources */,
				E493FCDF2ACD9FB300A63965 /* CustomCollectionViewCell.swift in Sources */,
			);
			runOnlyForDeploymentPostprocessing = 0;
		};
		5983CC292ACC09B90023148F /* Sources */ = {
			isa = PBXSourcesBuildPhase;
			buildActionMask = 2147483647;
			files = (
				5983CC322ACC09B90023148F /* sweetWatchTests.swift in Sources */,
			);
			runOnlyForDeploymentPostprocessing = 0;
		};
		5983CC332ACC09B90023148F /* Sources */ = {
			isa = PBXSourcesBuildPhase;
			buildActionMask = 2147483647;
			files = (
				5983CC3C2ACC09B90023148F /* sweetWatchUITests.swift in Sources */,
				5983CC3E2ACC09B90023148F /* sweetWatchUITestsLaunchTests.swift in Sources */,
			);
			runOnlyForDeploymentPostprocessing = 0;
		};
/* End PBXSourcesBuildPhase section */

/* Begin PBXTargetDependency section */
		5983CC2F2ACC09B90023148F /* PBXTargetDependency */ = {
			isa = PBXTargetDependency;
			target = 5983CC162ACC09B70023148F /* sweetWatch */;
			targetProxy = 5983CC2E2ACC09B90023148F /* PBXContainerItemProxy */;
		};
		5983CC392ACC09B90023148F /* PBXTargetDependency */ = {
			isa = PBXTargetDependency;
			target = 5983CC162ACC09B70023148F /* sweetWatch */;
			targetProxy = 5983CC382ACC09B90023148F /* PBXContainerItemProxy */;
		};
/* End PBXTargetDependency section */

/* Begin PBXVariantGroup section */
		5983CC202ACC09B70023148F /* Main.storyboard */ = {
			isa = PBXVariantGroup;
			children = (
				5983CC212ACC09B70023148F /* Base */,
			);
			name = Main.storyboard;
			sourceTree = "<group>";
		};
		5983CC252ACC09B80023148F /* LaunchScreen.storyboard */ = {
			isa = PBXVariantGroup;
			children = (
				5983CC262ACC09B80023148F /* Base */,
			);
			name = LaunchScreen.storyboard;
			sourceTree = "<group>";
		};
/* End PBXVariantGroup section */

/* Begin XCBuildConfiguration section */
		5983CC3F2ACC09B90023148F /* Debug */ = {
			isa = XCBuildConfiguration;
			buildSettings = {
				ALWAYS_SEARCH_USER_PATHS = NO;
				ASSETCATALOG_COMPILER_GENERATE_SWIFT_ASSET_SYMBOL_EXTENSIONS = YES;
				CLANG_ANALYZER_NONNULL = YES;
				CLANG_ANALYZER_NUMBER_OBJECT_CONVERSION = YES_AGGRESSIVE;
				CLANG_CXX_LANGUAGE_STANDARD = "gnu++20";
				CLANG_ENABLE_MODULES = YES;
				CLANG_ENABLE_OBJC_ARC = YES;
				CLANG_ENABLE_OBJC_WEAK = YES;
				CLANG_WARN_BLOCK_CAPTURE_AUTORELEASING = YES;
				CLANG_WARN_BOOL_CONVERSION = YES;
				CLANG_WARN_COMMA = YES;
				CLANG_WARN_CONSTANT_CONVERSION = YES;
				CLANG_WARN_DEPRECATED_OBJC_IMPLEMENTATIONS = YES;
				CLANG_WARN_DIRECT_OBJC_ISA_USAGE = YES_ERROR;
				CLANG_WARN_DOCUMENTATION_COMMENTS = YES;
				CLANG_WARN_EMPTY_BODY = YES;
				CLANG_WARN_ENUM_CONVERSION = YES;
				CLANG_WARN_INFINITE_RECURSION = YES;
				CLANG_WARN_INT_CONVERSION = YES;
				CLANG_WARN_NON_LITERAL_NULL_CONVERSION = YES;
				CLANG_WARN_OBJC_IMPLICIT_RETAIN_SELF = YES;
				CLANG_WARN_OBJC_LITERAL_CONVERSION = YES;
				CLANG_WARN_OBJC_ROOT_CLASS = YES_ERROR;
				CLANG_WARN_QUOTED_INCLUDE_IN_FRAMEWORK_HEADER = YES;
				CLANG_WARN_RANGE_LOOP_ANALYSIS = YES;
				CLANG_WARN_STRICT_PROTOTYPES = YES;
				CLANG_WARN_SUSPICIOUS_MOVE = YES;
				CLANG_WARN_UNGUARDED_AVAILABILITY = YES_AGGRESSIVE;
				CLANG_WARN_UNREACHABLE_CODE = YES;
				CLANG_WARN__DUPLICATE_METHOD_MATCH = YES;
				COPY_PHASE_STRIP = NO;
				DEBUG_INFORMATION_FORMAT = dwarf;
				ENABLE_STRICT_OBJC_MSGSEND = YES;
				ENABLE_TESTABILITY = YES;
				ENABLE_USER_SCRIPT_SANDBOXING = YES;
				GCC_C_LANGUAGE_STANDARD = gnu17;
				GCC_DYNAMIC_NO_PIC = NO;
				GCC_NO_COMMON_BLOCKS = YES;
				GCC_OPTIMIZATION_LEVEL = 0;
				GCC_PREPROCESSOR_DEFINITIONS = (
					"DEBUG=1",
					"$(inherited)",
				);
				GCC_WARN_64_TO_32_BIT_CONVERSION = YES;
				GCC_WARN_ABOUT_RETURN_TYPE = YES_ERROR;
				GCC_WARN_UNDECLARED_SELECTOR = YES;
				GCC_WARN_UNINITIALIZED_AUTOS = YES_AGGRESSIVE;
				GCC_WARN_UNUSED_FUNCTION = YES;
				GCC_WARN_UNUSED_VARIABLE = YES;
				IPHONEOS_DEPLOYMENT_TARGET = 17.0;
				LOCALIZATION_PREFERS_STRING_CATALOGS = YES;
				MTL_ENABLE_DEBUG_INFO = INCLUDE_SOURCE;
				MTL_FAST_MATH = YES;
				ONLY_ACTIVE_ARCH = YES;
				SDKROOT = iphoneos;
				SWIFT_ACTIVE_COMPILATION_CONDITIONS = "DEBUG $(inherited)";
				SWIFT_OPTIMIZATION_LEVEL = "-Onone";
			};
			name = Debug;
		};
		5983CC402ACC09B90023148F /* Release */ = {
			isa = XCBuildConfiguration;
			buildSettings = {
				ALWAYS_SEARCH_USER_PATHS = NO;
				ASSETCATALOG_COMPILER_GENERATE_SWIFT_ASSET_SYMBOL_EXTENSIONS = YES;
				CLANG_ANALYZER_NONNULL = YES;
				CLANG_ANALYZER_NUMBER_OBJECT_CONVERSION = YES_AGGRESSIVE;
				CLANG_CXX_LANGUAGE_STANDARD = "gnu++20";
				CLANG_ENABLE_MODULES = YES;
				CLANG_ENABLE_OBJC_ARC = YES;
				CLANG_ENABLE_OBJC_WEAK = YES;
				CLANG_WARN_BLOCK_CAPTURE_AUTORELEASING = YES;
				CLANG_WARN_BOOL_CONVERSION = YES;
				CLANG_WARN_COMMA = YES;
				CLANG_WARN_CONSTANT_CONVERSION = YES;
				CLANG_WARN_DEPRECATED_OBJC_IMPLEMENTATIONS = YES;
				CLANG_WARN_DIRECT_OBJC_ISA_USAGE = YES_ERROR;
				CLANG_WARN_DOCUMENTATION_COMMENTS = YES;
				CLANG_WARN_EMPTY_BODY = YES;
				CLANG_WARN_ENUM_CONVERSION = YES;
				CLANG_WARN_INFINITE_RECURSION = YES;
				CLANG_WARN_INT_CONVERSION = YES;
				CLANG_WARN_NON_LITERAL_NULL_CONVERSION = YES;
				CLANG_WARN_OBJC_IMPLICIT_RETAIN_SELF = YES;
				CLANG_WARN_OBJC_LITERAL_CONVERSION = YES;
				CLANG_WARN_OBJC_ROOT_CLASS = YES_ERROR;
				CLANG_WARN_QUOTED_INCLUDE_IN_FRAMEWORK_HEADER = YES;
				CLANG_WARN_RANGE_LOOP_ANALYSIS = YES;
				CLANG_WARN_STRICT_PROTOTYPES = YES;
				CLANG_WARN_SUSPICIOUS_MOVE = YES;
				CLANG_WARN_UNGUARDED_AVAILABILITY = YES_AGGRESSIVE;
				CLANG_WARN_UNREACHABLE_CODE = YES;
				CLANG_WARN__DUPLICATE_METHOD_MATCH = YES;
				COPY_PHASE_STRIP = NO;
				DEBUG_INFORMATION_FORMAT = "dwarf-with-dsym";
				ENABLE_NS_ASSERTIONS = NO;
				ENABLE_STRICT_OBJC_MSGSEND = YES;
				ENABLE_USER_SCRIPT_SANDBOXING = YES;
				GCC_C_LANGUAGE_STANDARD = gnu17;
				GCC_NO_COMMON_BLOCKS = YES;
				GCC_WARN_64_TO_32_BIT_CONVERSION = YES;
				GCC_WARN_ABOUT_RETURN_TYPE = YES_ERROR;
				GCC_WARN_UNDECLARED_SELECTOR = YES;
				GCC_WARN_UNINITIALIZED_AUTOS = YES_AGGRESSIVE;
				GCC_WARN_UNUSED_FUNCTION = YES;
				GCC_WARN_UNUSED_VARIABLE = YES;
				IPHONEOS_DEPLOYMENT_TARGET = 17.0;
				LOCALIZATION_PREFERS_STRING_CATALOGS = YES;
				MTL_ENABLE_DEBUG_INFO = NO;
				MTL_FAST_MATH = YES;
				SDKROOT = iphoneos;
				SWIFT_COMPILATION_MODE = wholemodule;
				VALIDATE_PRODUCT = YES;
			};
			name = Release;
		};
		5983CC422ACC09B90023148F /* Debug */ = {
			isa = XCBuildConfiguration;
			buildSettings = {
				ASSETCATALOG_COMPILER_APPICON_NAME = AppIcon;
				ASSETCATALOG_COMPILER_GLOBAL_ACCENT_COLOR_NAME = AccentColor;
				CODE_SIGN_STYLE = Automatic;
				CURRENT_PROJECT_VERSION = 1;
				GENERATE_INFOPLIST_FILE = YES;
				INFOPLIST_FILE = sweetWatch/Info.plist;
				INFOPLIST_KEY_UIApplicationSupportsIndirectInputEvents = YES;
				INFOPLIST_KEY_UILaunchStoryboardName = LaunchScreen;
				INFOPLIST_KEY_UIMainStoryboardFile = Main;
				INFOPLIST_KEY_UISupportedInterfaceOrientations_iPad = "UIInterfaceOrientationPortrait UIInterfaceOrientationPortraitUpsideDown UIInterfaceOrientationLandscapeLeft UIInterfaceOrientationLandscapeRight";
				INFOPLIST_KEY_UISupportedInterfaceOrientations_iPhone = "UIInterfaceOrientationPortrait UIInterfaceOrientationLandscapeLeft UIInterfaceOrientationLandscapeRight";
				LD_RUNPATH_SEARCH_PATHS = (
					"$(inherited)",
					"@executable_path/Frameworks",
				);
				MARKETING_VERSION = 1.0;
				PRODUCT_BUNDLE_IDENTIFIER = com.watchSweet.sweetWatch;
				PRODUCT_NAME = "$(TARGET_NAME)";
				SWIFT_EMIT_LOC_STRINGS = YES;
				SWIFT_VERSION = 5.0;
				TARGETED_DEVICE_FAMILY = "1,2";
			};
			name = Debug;
		};
		5983CC432ACC09B90023148F /* Release */ = {
			isa = XCBuildConfiguration;
			buildSettings = {
				ASSETCATALOG_COMPILER_APPICON_NAME = AppIcon;
				ASSETCATALOG_COMPILER_GLOBAL_ACCENT_COLOR_NAME = AccentColor;
				CODE_SIGN_STYLE = Automatic;
				CURRENT_PROJECT_VERSION = 1;
				GENERATE_INFOPLIST_FILE = YES;
				INFOPLIST_FILE = sweetWatch/Info.plist;
				INFOPLIST_KEY_UIApplicationSupportsIndirectInputEvents = YES;
				INFOPLIST_KEY_UILaunchStoryboardName = LaunchScreen;
				INFOPLIST_KEY_UIMainStoryboardFile = Main;
				INFOPLIST_KEY_UISupportedInterfaceOrientations_iPad = "UIInterfaceOrientationPortrait UIInterfaceOrientationPortraitUpsideDown UIInterfaceOrientationLandscapeLeft UIInterfaceOrientationLandscapeRight";
				INFOPLIST_KEY_UISupportedInterfaceOrientations_iPhone = "UIInterfaceOrientationPortrait UIInterfaceOrientationLandscapeLeft UIInterfaceOrientationLandscapeRight";
				LD_RUNPATH_SEARCH_PATHS = (
					"$(inherited)",
					"@executable_path/Frameworks",
				);
				MARKETING_VERSION = 1.0;
				PRODUCT_BUNDLE_IDENTIFIER = com.watchSweet.sweetWatch;
				PRODUCT_NAME = "$(TARGET_NAME)";
				SWIFT_EMIT_LOC_STRINGS = YES;
				SWIFT_VERSION = 5.0;
				TARGETED_DEVICE_FAMILY = "1,2";
			};
			name = Release;
		};
		5983CC452ACC09B90023148F /* Debug */ = {
			isa = XCBuildConfiguration;
			buildSettings = {
				ALWAYS_EMBED_SWIFT_STANDARD_LIBRARIES = YES;
				BUNDLE_LOADER = "$(TEST_HOST)";
				CODE_SIGN_STYLE = Automatic;
				CURRENT_PROJECT_VERSION = 1;
				GENERATE_INFOPLIST_FILE = YES;
				IPHONEOS_DEPLOYMENT_TARGET = 17.0;
				MARKETING_VERSION = 1.0;
				PRODUCT_BUNDLE_IDENTIFIER = com.watchSweet.sweetWatchTests;
				PRODUCT_NAME = "$(TARGET_NAME)";
				SWIFT_EMIT_LOC_STRINGS = NO;
				SWIFT_VERSION = 5.0;
				TARGETED_DEVICE_FAMILY = "1,2";
				TEST_HOST = "$(BUILT_PRODUCTS_DIR)/sweetWatch.app/$(BUNDLE_EXECUTABLE_FOLDER_PATH)/sweetWatch";
			};
			name = Debug;
		};
		5983CC462ACC09B90023148F /* Release */ = {
			isa = XCBuildConfiguration;
			buildSettings = {
				ALWAYS_EMBED_SWIFT_STANDARD_LIBRARIES = YES;
				BUNDLE_LOADER = "$(TEST_HOST)";
				CODE_SIGN_STYLE = Automatic;
				CURRENT_PROJECT_VERSION = 1;
				GENERATE_INFOPLIST_FILE = YES;
				IPHONEOS_DEPLOYMENT_TARGET = 17.0;
				MARKETING_VERSION = 1.0;
				PRODUCT_BUNDLE_IDENTIFIER = com.watchSweet.sweetWatchTests;
				PRODUCT_NAME = "$(TARGET_NAME)";
				SWIFT_EMIT_LOC_STRINGS = NO;
				SWIFT_VERSION = 5.0;
				TARGETED_DEVICE_FAMILY = "1,2";
				TEST_HOST = "$(BUILT_PRODUCTS_DIR)/sweetWatch.app/$(BUNDLE_EXECUTABLE_FOLDER_PATH)/sweetWatch";
			};
			name = Release;
		};
		5983CC482ACC09B90023148F /* Debug */ = {
			isa = XCBuildConfiguration;
			buildSettings = {
				ALWAYS_EMBED_SWIFT_STANDARD_LIBRARIES = YES;
				CODE_SIGN_STYLE = Automatic;
				CURRENT_PROJECT_VERSION = 1;
				GENERATE_INFOPLIST_FILE = YES;
				MARKETING_VERSION = 1.0;
				PRODUCT_BUNDLE_IDENTIFIER = com.watchSweet.sweetWatchUITests;
				PRODUCT_NAME = "$(TARGET_NAME)";
				SWIFT_EMIT_LOC_STRINGS = NO;
				SWIFT_VERSION = 5.0;
				TARGETED_DEVICE_FAMILY = "1,2";
				TEST_TARGET_NAME = sweetWatch;
			};
			name = Debug;
		};
		5983CC492ACC09B90023148F /* Release */ = {
			isa = XCBuildConfiguration;
			buildSettings = {
				ALWAYS_EMBED_SWIFT_STANDARD_LIBRARIES = YES;
				CODE_SIGN_STYLE = Automatic;
				CURRENT_PROJECT_VERSION = 1;
				GENERATE_INFOPLIST_FILE = YES;
				MARKETING_VERSION = 1.0;
				PRODUCT_BUNDLE_IDENTIFIER = com.watchSweet.sweetWatchUITests;
				PRODUCT_NAME = "$(TARGET_NAME)";
				SWIFT_EMIT_LOC_STRINGS = NO;
				SWIFT_VERSION = 5.0;
				TARGETED_DEVICE_FAMILY = "1,2";
				TEST_TARGET_NAME = sweetWatch;
			};
			name = Release;
		};
/* End XCBuildConfiguration section */

/* Begin XCConfigurationList section */
		5983CC122ACC09B70023148F /* Build configuration list for PBXProject "sweetWatch" */ = {
			isa = XCConfigurationList;
			buildConfigurations = (
				5983CC3F2ACC09B90023148F /* Debug */,
				5983CC402ACC09B90023148F /* Release */,
			);
			defaultConfigurationIsVisible = 0;
			defaultConfigurationName = Release;
		};
		5983CC412ACC09B90023148F /* Build configuration list for PBXNativeTarget "sweetWatch" */ = {
			isa = XCConfigurationList;
			buildConfigurations = (
				5983CC422ACC09B90023148F /* Debug */,
				5983CC432ACC09B90023148F /* Release */,
			);
			defaultConfigurationIsVisible = 0;
			defaultConfigurationName = Release;
		};
		5983CC442ACC09B90023148F /* Build configuration list for PBXNativeTarget "sweetWatchTests" */ = {
			isa = XCConfigurationList;
			buildConfigurations = (
				5983CC452ACC09B90023148F /* Debug */,
				5983CC462ACC09B90023148F /* Release */,
			);
			defaultConfigurationIsVisible = 0;
			defaultConfigurationName = Release;
		};
		5983CC472ACC09B90023148F /* Build configuration list for PBXNativeTarget "sweetWatchUITests" */ = {
			isa = XCConfigurationList;
			buildConfigurations = (
				5983CC482ACC09B90023148F /* Debug */,
				5983CC492ACC09B90023148F /* Release */,
			);
			defaultConfigurationIsVisible = 0;
			defaultConfigurationName = Release;
		};
/* End XCConfigurationList section */

/* Begin XCVersionGroup section */
		E493FC9A2ACD4CCD00A63965 /* Model.xcdatamodeld */ = {
			isa = XCVersionGroup;
			children = (
				E493FC9B2ACD4CCD00A63965 /* Model.xcdatamodel */,
			);
			currentVersion = E493FC9B2ACD4CCD00A63965 /* Model.xcdatamodel */;
			path = Model.xcdatamodeld;
			sourceTree = "<group>";
			versionGroupType = wrapper.xcdatamodel;
		};
/* End XCVersionGroup section */
	};
	rootObject = 5983CC0F2ACC09B70023148F /* Project object */;
}
